<?xml version="1.0" encoding="utf-8"?>
<Project ToolsVersion="4.0" xmlns="http://schemas.microsoft.com/developer/msbuild/2003">
  <ItemGroup>
    <ClCompile Include="main.cpp" />
    <ClCompile Include="Game\CSetupGame.cpp">
      <Filter>Game</Filter>
    </ClCompile>
    <ClCompile Include="Game\CObject.cpp">
      <Filter>Game\Object</Filter>
    </ClCompile>
    <ClCompile Include="Game\CCharacterPlayer.cpp">
      <Filter>Game\Object\Character</Filter>
    </ClCompile>
    <ClCompile Include="Game\CCharacterEnemy.cpp">
      <Filter>Game\Object\Character</Filter>
    </ClCompile>
    <ClCompile Include="Game\CCharacter.cpp">
      <Filter>Game\Object\Character</Filter>
    </ClCompile>
    <ClCompile Include="Task\Task.cpp">
      <Filter>Task</Filter>
    </ClCompile>
    <ClCompile Include="Task\TaskManager.cpp">
      <Filter>Task</Filter>
    </ClCompile>
    <ClCompile Include="Game\CCommonObject.cpp">
      <Filter>Game\Object\CommonObject</Filter>
    </ClCompile>
    <ClCompile Include="Game\CTitle.cpp">
      <Filter>Game\Object\Interface</Filter>
    </ClCompile>
    <ClCompile Include="Game\CGameScene.cpp">
      <Filter>Game\Object\GameScene</Filter>
    </ClCompile>
    <ClCompile Include="Game\CLoadResorce.cpp">
      <Filter>Game\Object\LoadResorce</Filter>
    </ClCompile>
    <ClCompile Include="Game\CObjectImage.cpp">
      <Filter>Game\Object\CObjectImage</Filter>
    </ClCompile>
    <ClCompile Include="Game\CStoryScene.cpp">
      <Filter>Game\Object\Interface</Filter>
    </ClCompile>
    <ClCompile Include="Game\CBar.cpp">
      <Filter>Game\Object\UI</Filter>
    </ClCompile>
    <ClCompile Include="Game\CGameSceneWave.cpp">
      <Filter>Game\Object\GameScene</Filter>
    </ClCompile>
    <ClCompile Include="Game\CCharacterBoss.cpp">
      <Filter>Game\Object\Character</Filter>
    </ClCompile>
    <ClCompile Include="Game\CSubWeapon.cpp">
      <Filter>Game\Object\UI</Filter>
    </ClCompile>
  </ItemGroup>
  <ItemGroup>
    <ClInclude Include="Global.h" />
    <ClInclude Include="stdafx.h" />
    <ClInclude Include="Game\CSetupGame.h">
      <Filter>Game</Filter>
    </ClInclude>
    <ClInclude Include="Game\CObject.h">
      <Filter>Game\Object</Filter>
    </ClInclude>
    <ClInclude Include="Game\CCharacterEnemy.h">
      <Filter>Game\Object\Character</Filter>
    </ClInclude>
    <ClInclude Include="Game\CCharacter.h">
      <Filter>Game\Object\Character</Filter>
    </ClInclude>
    <ClInclude Include="Task\Task.h">
      <Filter>Task</Filter>
    </ClInclude>
    <ClInclude Include="Task\TaskManager.h">
      <Filter>Task</Filter>
    </ClInclude>
    <ClInclude Include="Game\CCommonObject.h">
      <Filter>Game\Object\CommonObject</Filter>
    </ClInclude>
    <ClInclude Include="Game\CTitle.h">
      <Filter>Game\Object\Interface</Filter>
    </ClInclude>
    <ClInclude Include="Game\CStoryScene.h">
      <Filter>Game\Object\Interface</Filter>
    </ClInclude>
    <ClInclude Include="Game\CGameScene.h">
      <Filter>Game\Object\GameScene</Filter>
    </ClInclude>
    <ClInclude Include="Game\CLoadResorce.h">
      <Filter>Game\Object\LoadResorce</Filter>
    </ClInclude>
    <ClInclude Include="Game\CObjectImage.h">
      <Filter>Game\Object\CObjectImage</Filter>
    </ClInclude>
    <ClInclude Include="Game\CCharacterPlayer.h">
      <Filter>Game\Object\Character</Filter>
    </ClInclude>
    <ClInclude Include="Game\CCharacterBoss.h">
      <Filter>Game\Object\Character</Filter>
    </ClInclude>
    <ClInclude Include="Game\CBar.h">
      <Filter>Game\Object\UI</Filter>
    </ClInclude>
    <ClInclude Include="Game\CGameSceneWave.h">
      <Filter>Game\Object\GameScene</Filter>
    </ClInclude>
    <ClInclude Include="Game\CSubWeapon.h">
      <Filter>Game\Object\UI</Filter>
    </ClInclude>
  </ItemGroup>
  <ItemGroup>
    <Filter Include="Game">
      <UniqueIdentifier>{1f486dbd-6703-49b3-937e-544955bd9a0f}</UniqueIdentifier>
    </Filter>
    <Filter Include="Game\Object">
      <UniqueIdentifier>{7bd2e3d3-7b50-41dc-8870-c88c6bd77a91}</UniqueIdentifier>
    </Filter>
    <Filter Include="Game\Object\Character">
      <UniqueIdentifier>{f701148d-7e9a-48c4-b872-3355b3f5b99b}</UniqueIdentifier>
    </Filter>
    <Filter Include="Task">
      <UniqueIdentifier>{c4e9abac-4f31-4554-b33d-25c3b7c4a45b}</UniqueIdentifier>
    </Filter>
    <Filter Include="Game\Object\CommonObject">
      <UniqueIdentifier>{8e328cdf-b2ec-4af1-9318-d8d62be3e17e}</UniqueIdentifier>
    </Filter>
    <Filter Include="Game\Object\Interface">
      <UniqueIdentifier>{a985dae5-6772-441f-80b2-20c635a9fa37}</UniqueIdentifier>
    </Filter>
    <Filter Include="Game\Object\GameScene">
      <UniqueIdentifier>{6c3009a0-4c60-4ab3-bcf7-e4d57066d353}</UniqueIdentifier>
    </Filter>
    <Filter Include="Game\Object\LoadResorce">
      <UniqueIdentifier>{c81dd1c0-1d0f-47d7-9883-7a2f6b04e664}</UniqueIdentifier>
    </Filter>
    <Filter Include="Game\Object\CObjectImage">
      <UniqueIdentifier>{7f4cc649-4573-4ac9-ac7d-8c7d22085daf}</UniqueIdentifier>
    </Filter>
    <Filter Include="Game\Object\UI">
      <UniqueIdentifier>{f7115224-1130-43d2-b8df-1819d6ec2828}</UniqueIdentifier>
    </Filter>
  </ItemGroup>
</Project>