<?xml version="1.0" encoding="utf-8"?>
<Project ToolsVersion="4.0" xmlns="http://schemas.microsoft.com/developer/msbuild/2003">
  <ItemGroup>
    <ClCompile Include="main.cpp" />
    <ClCompile Include="System\Task.cpp">
      <Filter>System</Filter>
    </ClCompile>
    <ClCompile Include="System\TaskLinker.cpp">
      <Filter>System</Filter>
    </ClCompile>
    <ClCompile Include="System\TaskManager.cpp">
      <Filter>System</Filter>
    </ClCompile>
    <ClCompile Include="Ball\Ball.cpp">
      <Filter>Ball</Filter>
    </ClCompile>
    <ClCompile Include="Ball\BallManager.cpp">
      <Filter>Ball</Filter>
    </ClCompile>
    <ClCompile Include="Ball\Barrett.cpp">
      <Filter>Ball</Filter>
    </ClCompile>
  </ItemGroup>
  <ItemGroup>
    <ClInclude Include="GID.h" />
    <ClInclude Include="Global.h" />
    <ClInclude Include="stdafx.h" />
    <ClInclude Include="System\Task.h">
      <Filter>System</Filter>
    </ClInclude>
    <ClInclude Include="System\TaskLinker.h">
      <Filter>System</Filter>
    </ClInclude>
    <ClInclude Include="System\TaskManager.h">
      <Filter>System</Filter>
    </ClInclude>
    <ClInclude Include="Ball\Ball.h">
      <Filter>Ball</Filter>
    </ClInclude>
    <ClInclude Include="Ball\BallManager.h">
      <Filter>Ball</Filter>
    </ClInclude>
    <ClInclude Include="Ball\Barrett.h">
      <Filter>Ball</Filter>
    </ClInclude>
  </ItemGroup>
  <ItemGroup>
    <Filter Include="System">
      <UniqueIdentifier>{8de986c6-b15b-4a1e-bdf3-2d85ff6b47f8}</UniqueIdentifier>
    </Filter>
    <Filter Include="Ball">
      <UniqueIdentifier>{682a4078-1040-420d-bfd4-0937b094e58e}</UniqueIdentifier>
    </Filter>
  </ItemGroup>
</Project>