<?xml version="1.0" encoding="utf-8"?>
<Project ToolsVersion="4.0" xmlns="http://schemas.microsoft.com/developer/msbuild/2003">
  <ItemGroup>
    <ClCompile Include="main.cpp" />
    <ClCompile Include="Game\CSetupGame.cpp">
      <Filter>Game</Filter>
    </ClCompile>
    <ClCompile Include="Game\CObject.cpp">
      <Filter>Game\Object</Filter>
    </ClCompile>
    <ClCompile Include="Game\CCharacter.cpp">
      <Filter>Game\Object\GameSceneObject\Character</Filter>
    </ClCompile>
    <ClCompile Include="Task\Task.cpp">
      <Filter>Task</Filter>
    </ClCompile>
    <ClCompile Include="Game\CCommonObject.cpp">
      <Filter>Game\Object\CommonObject</Filter>
    </ClCompile>
    <ClCompile Include="Game\CTitle.cpp">
      <Filter>Game\Object\Interface</Filter>
    </ClCompile>
    <ClCompile Include="Game\CLoadResorce.cpp">
      <Filter>Game\Object\LoadResorce</Filter>
    </ClCompile>
    <ClCompile Include="Game\CObjectImage.cpp">
      <Filter>Game\Object\CObjectImage</Filter>
    </ClCompile>
    <ClCompile Include="Game\CBar.cpp">
      <Filter>Game\Object\UI</Filter>
    </ClCompile>
    <ClCompile Include="Game\CGameSceneWave.cpp">
      <Filter>Game\Object\GameScene</Filter>
    </ClCompile>
    <ClCompile Include="Game\CStorySceneOpening.cpp">
      <Filter>Game\Object\StoryScene</Filter>
    </ClCompile>
    <ClCompile Include="Game\CStoryScene.cpp">
      <Filter>Game\Object\StoryScene</Filter>
    </ClCompile>
    <ClCompile Include="Game\CCharacterPlayer.cpp">
      <Filter>Game\Object\GameSceneObject\Character\Player</Filter>
    </ClCompile>
    <ClCompile Include="Task\TaskManager.cpp">
      <Filter>Task</Filter>
    </ClCompile>
    <ClCompile Include="Game\CAnimation.cpp">
      <Filter>Game\Animation</Filter>
    </ClCompile>
    <ClCompile Include="Game\CGameScene.cpp">
      <Filter>Game\Object\GameScene</Filter>
    </ClCompile>
    <ClCompile Include="Game\CGameSceneUI.cpp">
      <Filter>Game\Object\UI</Filter>
    </ClCompile>
    <ClCompile Include="Game\CCharacterEnemy.cpp">
      <Filter>Game\Object\GameSceneObject\Character\Enemy</Filter>
    </ClCompile>
    <ClCompile Include="Game\CCharacterBoss.cpp">
      <Filter>Game\Object\GameSceneObject\Character\Boss</Filter>
    </ClCompile>
    <ClCompile Include="Game\CSubWeapon.cpp">
      <Filter>Game\Object\GameSceneObject\Item</Filter>
    </ClCompile>
    <ClCompile Include="Game\CGameOver.cpp">
      <Filter>Game\Object\Interface</Filter>
    </ClCompile>
    <ClCompile Include="Game\CStageClear.cpp">
      <Filter>Game\Object\Interface</Filter>
    </ClCompile>
    <ClCompile Include="Game\CStorySceneClear.cpp">
      <Filter>Game\Object\StoryScene</Filter>
    </ClCompile>
    <ClCompile Include="Game\CFade.cpp">
      <Filter>Game\Object</Filter>
    </ClCompile>
    <ClCompile Include="Game\CGameSceneBossUI.cpp">
      <Filter>Game\Object\UI</Filter>
    </ClCompile>
    <ClCompile Include="Game\CGameSceneObject.cpp">
      <Filter>Game\Object\GameSceneObject</Filter>
    </ClCompile>
    <ClCompile Include="Game\CDamageEffect.cpp">
      <Filter>Game\Object\GameSceneObject</Filter>
    </ClCompile>
    <ClCompile Include="Game\CItem.cpp" />
  </ItemGroup>
  <ItemGroup>
    <ClInclude Include="stdafx.h" />
    <ClInclude Include="Game\CSetupGame.h">
      <Filter>Game</Filter>
    </ClInclude>
    <ClInclude Include="Game\CObject.h">
      <Filter>Game\Object</Filter>
    </ClInclude>
    <ClInclude Include="Task\Task.h">
      <Filter>Task</Filter>
    </ClInclude>
    <ClInclude Include="Task\TaskManager.h">
      <Filter>Task</Filter>
    </ClInclude>
    <ClInclude Include="Game\CCommonObject.h">
      <Filter>Game\Object\CommonObject</Filter>
    </ClInclude>
    <ClInclude Include="Game\CTitle.h">
      <Filter>Game\Object\Interface</Filter>
    </ClInclude>
    <ClInclude Include="Game\CGameScene.h">
      <Filter>Game\Object\GameScene</Filter>
    </ClInclude>
    <ClInclude Include="Game\CLoadResorce.h">
      <Filter>Game\Object\LoadResorce</Filter>
    </ClInclude>
    <ClInclude Include="Game\CObjectImage.h">
      <Filter>Game\Object\CObjectImage</Filter>
    </ClInclude>
    <ClInclude Include="Game\CBar.h">
      <Filter>Game\Object\UI</Filter>
    </ClInclude>
    <ClInclude Include="Game\CGameSceneWave.h">
      <Filter>Game\Object\GameScene</Filter>
    </ClInclude>
    <ClInclude Include="Game\CGameSceneObject.h">
      <Filter>Game\Object\GameSceneObject</Filter>
    </ClInclude>
    <ClInclude Include="Game\CStorySceneOpening.h">
      <Filter>Game\Object\StoryScene</Filter>
    </ClInclude>
    <ClInclude Include="Game\CStoryScene.h">
      <Filter>Game\Object\StoryScene</Filter>
    </ClInclude>
    <ClInclude Include="Game\CAnimation.h">
      <Filter>Game\Animation</Filter>
    </ClInclude>
    <ClInclude Include="Game\CGameSceneUI.h">
      <Filter>Game\Object\UI</Filter>
    </ClInclude>
    <ClInclude Include="Game\CCharacterPlayer.h">
      <Filter>Game\Object\GameSceneObject\Character\Player</Filter>
    </ClInclude>
    <ClInclude Include="Game\CCharacterEnemy.h">
      <Filter>Game\Object\GameSceneObject\Character\Enemy</Filter>
    </ClInclude>
    <ClInclude Include="Game\CCharacter.h">
      <Filter>Game\Object\GameSceneObject\Character</Filter>
    </ClInclude>
    <ClInclude Include="Global.h">
      <Filter>Game</Filter>
    </ClInclude>
    <ClInclude Include="Game\CCharacterBoss.h">
      <Filter>Game\Object\GameSceneObject\Character\Boss</Filter>
    </ClInclude>
    <ClInclude Include="Game\CSubWeapon.h">
      <Filter>Game\Object\GameSceneObject\Item</Filter>
    </ClInclude>
    <ClInclude Include="Game\CGameOver.h">
      <Filter>Game\Object\Interface</Filter>
    </ClInclude>
    <ClInclude Include="Game\CStageClear.h">
      <Filter>Game\Object\Interface</Filter>
    </ClInclude>
    <ClInclude Include="Game\CStorySceneClear.h">
      <Filter>Game\Object\StoryScene</Filter>
    </ClInclude>
    <ClInclude Include="Game\CFade.h">
      <Filter>Game\Object</Filter>
    </ClInclude>
    <ClInclude Include="Game\CGameSceneBossUI.h">
      <Filter>Game\Object\UI</Filter>
    </ClInclude>
    <ClInclude Include="Game\CDamageEffect.h">
      <Filter>Game\Object\GameSceneObject</Filter>
    </ClInclude>
    <ClInclude Include="Game\CItem.h">
      <Filter>Game\Object\GameSceneObject</Filter>
    </ClInclude>
  </ItemGroup>
  <ItemGroup>
    <Filter Include="Game">
      <UniqueIdentifier>{1f486dbd-6703-49b3-937e-544955bd9a0f}</UniqueIdentifier>
    </Filter>
    <Filter Include="Task">
      <UniqueIdentifier>{c4e9abac-4f31-4554-b33d-25c3b7c4a45b}</UniqueIdentifier>
    </Filter>
    <Filter Include="Game\Animation">
      <UniqueIdentifier>{d88ee8f7-d105-44b2-856b-eca1188989d4}</UniqueIdentifier>
    </Filter>
    <Filter Include="Game\Object">
      <UniqueIdentifier>{7bd2e3d3-7b50-41dc-8870-c88c6bd77a91}</UniqueIdentifier>
    </Filter>
    <Filter Include="Game\Object\CommonObject">
      <UniqueIdentifier>{8e328cdf-b2ec-4af1-9318-d8d62be3e17e}</UniqueIdentifier>
    </Filter>
    <Filter Include="Game\Object\Interface">
      <UniqueIdentifier>{a985dae5-6772-441f-80b2-20c635a9fa37}</UniqueIdentifier>
    </Filter>
    <Filter Include="Game\Object\GameScene">
      <UniqueIdentifier>{6c3009a0-4c60-4ab3-bcf7-e4d57066d353}</UniqueIdentifier>
    </Filter>
    <Filter Include="Game\Object\CObjectImage">
      <UniqueIdentifier>{7f4cc649-4573-4ac9-ac7d-8c7d22085daf}</UniqueIdentifier>
    </Filter>
    <Filter Include="Game\Object\UI">
      <UniqueIdentifier>{f7115224-1130-43d2-b8df-1819d6ec2828}</UniqueIdentifier>
    </Filter>
    <Filter Include="Game\Object\GameSceneObject">
      <UniqueIdentifier>{3aa9b326-34cd-4405-b6ee-8eded95bd348}</UniqueIdentifier>
    </Filter>
    <Filter Include="Game\Object\GameSceneObject\Character">
      <UniqueIdentifier>{f701148d-7e9a-48c4-b872-3355b3f5b99b}</UniqueIdentifier>
    </Filter>
    <Filter Include="Game\Object\GameSceneObject\Character\Player">
      <UniqueIdentifier>{fe2cd74a-e20b-477a-b99c-2eab4c8ad3c4}</UniqueIdentifier>
    </Filter>
    <Filter Include="Game\Object\GameSceneObject\Character\Enemy">
      <UniqueIdentifier>{0b3c065a-a0db-46e7-bbef-1aa12ad2b7fa}</UniqueIdentifier>
    </Filter>
    <Filter Include="Game\Object\GameSceneObject\Character\Boss">
      <UniqueIdentifier>{c2ad330c-4849-404b-a5ea-030defc341fe}</UniqueIdentifier>
    </Filter>
    <Filter Include="Game\Object\LoadResorce">
      <UniqueIdentifier>{c81dd1c0-1d0f-47d7-9883-7a2f6b04e664}</UniqueIdentifier>
    </Filter>
    <Filter Include="Game\Object\StoryScene">
      <UniqueIdentifier>{e98914e3-611f-4932-80db-2e39224d1cad}</UniqueIdentifier>
    </Filter>
    <Filter Include="Game\Object\GameSceneObject\Item">
      <UniqueIdentifier>{094ccd28-9245-4f88-92fb-f11f6c2b00b1}</UniqueIdentifier>
    </Filter>
  </ItemGroup>
</Project>