
Microsoft Visual Studio Solution File, Format Version 12.00
# Visual Studio 2013
VisualStudioVersion = 12.0.21005.1
MinimumVisualStudioVersion = 10.0.40219.1
Project("{8BC9CEB8-8B4A-11D0-8D11-00A0C91BC942}") = "Gravity-", "Gravity-\Gravity-.vcxproj", "{A9611C8D-B10B-4B87-865F-0473C598DD00}"
EndProject
Global
	GlobalSection(SolutionConfigurationPlatforms) = preSolution
		Debug|Win32 = Debug|Win32
		Release|Win32 = Release|Win32
	EndGlobalSection
	GlobalSection(ProjectConfigurationPlatforms) = postSolution
		{A9611C8D-B10B-4B87-865F-0473C598DD00}.Debug|Win32.ActiveCfg = Debug|Win32
		{A9611C8D-B10B-4B87-865F-0473C598DD00}.Debug|Win32.Build.0 = Debug|Win32
		{A9611C8D-B10B-4B87-865F-0473C598DD00}.Release|Win32.ActiveCfg = Release|Win32
		{A9611C8D-B10B-4B87-865F-0473C598DD00}.Release|Win32.Build.0 = Release|Win32
	EndGlobalSection
	GlobalSection(SolutionProperties) = preSolution
		HideSolutionNode = FALSE
	EndGlobalSection
EndGlobal
