<?xml version="1.0" encoding="utf-8"?>
<Project ToolsVersion="4.0" xmlns="http://schemas.microsoft.com/developer/msbuild/2003">
  <ItemGroup>
    <ClCompile Include="main.cpp" />
    <ClCompile Include="Base\Task.cpp">
      <Filter>Task</Filter>
    </ClCompile>
    <ClCompile Include="Base\TaskManager.cpp">
      <Filter>Task</Filter>
    </ClCompile>
    <ClCompile Include="Game\Character\CharacterBase.cpp">
      <Filter>Game\Character</Filter>
    </ClCompile>
    <ClCompile Include="Game\Resource\Resource .cpp">
      <Filter>Game\Resource</Filter>
    </ClCompile>
    <ClCompile Include="Game\Character\EnemyBase\EnemyBase.cpp">
      <Filter>Game\Character\EnemyBase</Filter>
    </ClCompile>
    <ClCompile Include="Game\Character\EnemyBase\Enemy\Enemy01.cpp">
      <Filter>Game\Character\EnemyBase\Enemy</Filter>
    </ClCompile>
    <ClCompile Include="Boss.cpp">
      <Filter>Game\Character\EnemyBase\Enemy</Filter>
    </ClCompile>
    <ClCompile Include="Game\Character\Anim\AnimData.cpp">
      <Filter>Game\Character\Anim</Filter>
    </ClCompile>
    <ClCompile Include="Game\Character\Player.cpp">
      <Filter>Game\Character\Player</Filter>
    </ClCompile>
    <ClCompile Include="Game\Scene\GameScene.cpp">
      <Filter>Game\Scene</Filter>
    </ClCompile>
    <ClCompile Include="Game\Scene\Result.cpp">
      <Filter>Game\Scene</Filter>
    </ClCompile>
    <ClCompile Include="Game\Character\EnemyBase\Enemy\Enemy05.cpp">
      <Filter>Game\Character\EnemyBase\Enemy</Filter>
    </ClCompile>
    <ClCompile Include="Game\Character\Effect\PlayerEffect.cpp">
      <Filter>Game\Character\Effect</Filter>
    </ClCompile>
    <ClCompile Include="Game\Character\Effect\EnemyEffect.cpp">
      <Filter>Game\Character\Effect</Filter>
    </ClCompile>
    <ClCompile Include="Game\Character\Effect\BossEffect.cpp">
      <Filter>Game\Character\Effect</Filter>
    </ClCompile>
    <ClCompile Include="Game\Character\EnemyBase\Enemy\Enemy02.cpp">
      <Filter>Game\Character\EnemyBase\Enemy</Filter>
    </ClCompile>
    <ClCompile Include="Game\Character\Anim\AnimBoss.cpp">
      <Filter>Game\Character\Anim</Filter>
    </ClCompile>
    <ClCompile Include="Game\Character\Anim\AnimDataPlayer.cpp">
      <Filter>Game\Character\Anim</Filter>
    </ClCompile>
    <ClCompile Include="Game\Character\EnemyBase\EnemyManager.cpp">
      <Filter>Game\Character\EnemyBase</Filter>
    </ClCompile>
    <ClCompile Include="Game\Character\EnemyBase\Boss\BossManager.cpp">
      <Filter>Game\Character\EnemyBase\Boss</Filter>
    </ClCompile>
  </ItemGroup>
  <ItemGroup>
    <ClInclude Include="GID.h" />
    <ClInclude Include="Global.h" />
    <ClInclude Include="stdafx.h" />
    <ClInclude Include="Base\TaskManager.h">
      <Filter>Task</Filter>
    </ClInclude>
    <ClInclude Include="Base\Task.h">
      <Filter>Task</Filter>
    </ClInclude>
    <ClInclude Include="Game\Character\CharacterBase.h">
      <Filter>Game\Character</Filter>
    </ClInclude>
    <ClInclude Include="Game\Resource\Resource.h">
      <Filter>Game\Resource</Filter>
    </ClInclude>
    <ClInclude Include="Game\Character\EnemyBase\EnemyBase.h">
      <Filter>Game\Character\EnemyBase</Filter>
    </ClInclude>
    <ClInclude Include="Game\Character\EnemyBase\Enemy\Enemy01.h">
      <Filter>Game\Character\EnemyBase\Enemy</Filter>
    </ClInclude>
    <ClInclude Include="Boss.h">
      <Filter>Game\Character\EnemyBase\Enemy</Filter>
    </ClInclude>
    <ClInclude Include="Game\Character\Anim\AnimData.h">
      <Filter>Game\Character\Anim</Filter>
    </ClInclude>
    <ClInclude Include="Game\Character\Player.h">
      <Filter>Game\Character\Player</Filter>
    </ClInclude>
    <ClInclude Include="Game\Scene\GameScene.h">
      <Filter>Game\Scene</Filter>
    </ClInclude>
    <ClInclude Include="Game\Scene\Result.h">
      <Filter>Game\Scene</Filter>
    </ClInclude>
    <ClInclude Include="Game\Character\EnemyBase\Enemy\Enemy05.h">
      <Filter>Game\Character\EnemyBase\Enemy</Filter>
    </ClInclude>
    <ClInclude Include="Game\Character\Effect\PlayerEffect.h">
      <Filter>Game\Character\Effect</Filter>
    </ClInclude>
    <ClInclude Include="Game\Character\Effect\EnemyEffect.h">
      <Filter>Game\Character\Effect</Filter>
    </ClInclude>
    <ClInclude Include="Game\Character\Effect\BossEffect.h">
      <Filter>Game\Character\Effect</Filter>
    </ClInclude>
    <ClInclude Include="Game\Character\EnemyBase\Enemy\Enemy02.h">
      <Filter>Game\Character\EnemyBase\Enemy</Filter>
    </ClInclude>
    <ClInclude Include="Game\Character\Anim\AnimBoss.h">
      <Filter>Game\Character\Anim</Filter>
    </ClInclude>
    <ClInclude Include="Game\Character\Anim\AnimDataPlayer.h">
      <Filter>Game\Character\Anim</Filter>
    </ClInclude>
    <ClInclude Include="Game\Character\EnemyBase\EnemyManager.h">
      <Filter>Game\Character\EnemyBase</Filter>
    </ClInclude>
    <ClInclude Include="Game\Character\EnemyBase\Boss\BossManager.h">
      <Filter>Game\Character\EnemyBase\Boss</Filter>
    </ClInclude>
  </ItemGroup>
  <ItemGroup>
    <Filter Include="Game">
      <UniqueIdentifier>{59690f6f-87c8-474c-98ce-551183004add}</UniqueIdentifier>
    </Filter>
    <Filter Include="Base">
      <UniqueIdentifier>{418eafba-ce4a-4e99-b6c6-f80bd82f0399}</UniqueIdentifier>
    </Filter>
    <Filter Include="Task">
      <UniqueIdentifier>{83245302-264c-47e2-be1d-16344cbd0d45}</UniqueIdentifier>
    </Filter>
    <Filter Include="Game\Character">
      <UniqueIdentifier>{1bf9ce57-3054-4aa0-ba80-b5643b5bd199}</UniqueIdentifier>
    </Filter>
    <Filter Include="Game\Resource">
      <UniqueIdentifier>{3cc91f20-4117-440c-8ed2-ba8161a42a5b}</UniqueIdentifier>
    </Filter>
    <Filter Include="Game\Character\EnemyBase">
      <UniqueIdentifier>{076c0e64-55fa-4ccb-a877-0c0cc63a5b9f}</UniqueIdentifier>
    </Filter>
    <Filter Include="Game\Character\EnemyBase\Enemy">
      <UniqueIdentifier>{e649f859-82ba-4eeb-bbdb-5a1c8d61b181}</UniqueIdentifier>
    </Filter>
    <Filter Include="Game\Character\Anim">
      <UniqueIdentifier>{2f5acefa-c37a-4628-a029-bddf690cbe49}</UniqueIdentifier>
    </Filter>
    <Filter Include="Game\Character\Player">
      <UniqueIdentifier>{9beddbef-a568-45b3-954c-f96cd2c9d71d}</UniqueIdentifier>
    </Filter>
    <Filter Include="Game\Scene">
      <UniqueIdentifier>{3f4fbc74-5a7d-4a17-bff3-a0f66a4a7a17}</UniqueIdentifier>
    </Filter>
    <Filter Include="Game\Character\Effect">
      <UniqueIdentifier>{3b613b0f-e734-4dcf-ac24-8627318815d6}</UniqueIdentifier>
    </Filter>
    <Filter Include="Game\Character\EnemyBase\Boss">
      <UniqueIdentifier>{605d13e2-a924-4c7a-9324-fc622e01de7b}</UniqueIdentifier>
    </Filter>
  </ItemGroup>
</Project>